
Microsoft Visual Studio Solution File, Format Version 12.00
# Visual Studio Version 17
VisualStudioVersion = 17.7.34221.43
MinimumVisualStudioVersion = 10.0.40219.1
Project("{8BC9CEB8-8B4A-11D0-8D11-00A0C91BC942}") = "Checker2", "Checker2.vcxproj", "{A87DA096-262B-47D7-A7B7-BC0BBFA77261}"
EndProject
Global
	GlobalSection(SolutionConfigurationPlatforms) = preSolution
		Debug|Win32 = Debug|Win32
		Release|Win32 = Release|Win32
	EndGlobalSection
	GlobalSection(ProjectConfigurationPlatforms) = postSolution
		{A87DA096-262B-47D7-A7B7-BC0BBFA77261}.Debug|Win32.ActiveCfg = Debug|Win32
		{A87DA096-262B-47D7-A7B7-BC0BBFA77261}.Debug|Win32.Build.0 = Debug|Win32
		{A87DA096-262B-47D7-A7B7-BC0BBFA77261}.Release|Win32.ActiveCfg = Release|Win32
		{A87DA096-262B-47D7-A7B7-BC0BBFA77261}.Release|Win32.Build.0 = Release|Win32
	EndGlobalSection
	GlobalSection(SolutionProperties) = preSolution
		HideSolutionNode = FALSE
	EndGlobalSection
	GlobalSection(ExtensibilityGlobals) = postSolution
		SolutionGuid = {8C77D5B6-ED19-41BA-8EE4-FAC44643B129}
	EndGlobalSection
EndGlobal
